// !$*UTF8*$!
{
	archiveVersion = 1;
	classes = {
	};
	objectVersion = 50;
	objects = {

/* Begin PBXBuildFile section */
		97FED2A0214A30F900CF9415 /* AppDelegate.swift in Sources */ = {isa = PBXBuildFile; fileRef = 97FED29F214A30F900CF9415 /* AppDelegate.swift */; };
		97FED2A2214A30F900CF9415 /* ViewController.swift in Sources */ = {isa = PBXBuildFile; fileRef = 97FED2A1214A30F900CF9415 /* ViewController.swift */; };
		97FED2A5214A30F900CF9415 /* Main.storyboard in Resources */ = {isa = PBXBuildFile; fileRef = 97FED2A3214A30F900CF9415 /* Main.storyboard */; };
		97FED2A7214A30FB00CF9415 /* Assets.xcassets in Resources */ = {isa = PBXBuildFile; fileRef = 97FED2A6214A30FB00CF9415 /* Assets.xcassets */; };
		97FED2AA214A30FB00CF9415 /* LaunchScreen.storyboard in Resources */ = {isa = PBXBuildFile; fileRef = 97FED2A8214A30FB00CF9415 /* LaunchScreen.storyboard */; };
		97FED2B5214A30FB00CF9415 /* ConnectedBoardTests.swift in Sources */ = {isa = PBXBuildFile; fileRef = 97FED2B4214A30FB00CF9415 /* ConnectedBoardTests.swift */; };
		97FED2C0214A30FB00CF9415 /* ConnectedBoardUITests.swift in Sources */ = {isa = PBXBuildFile; fileRef = 97FED2BF214A30FB00CF9415 /* ConnectedBoardUITests.swift */; };
		97FED2D1214A3CFF00CF9415 /* NoteListViewController.swift in Sources */ = {isa = PBXBuildFile; fileRef = 97FED2D0214A3CFF00CF9415 /* NoteListViewController.swift */; };
		97FED2D3214A3D9300CF9415 /* AddNoteViewController.swift in Sources */ = {isa = PBXBuildFile; fileRef = 97FED2D2214A3D9300CF9415 /* AddNoteViewController.swift */; };
/* End PBXBuildFile section */

/* Begin PBXContainerItemProxy section */
		97FED2B1214A30FB00CF9415 /* PBXContainerItemProxy */ = {
			isa = PBXContainerItemProxy;
			containerPortal = 97FED294214A30F800CF9415 /* Project object */;
			proxyType = 1;
			remoteGlobalIDString = 97FED29B214A30F800CF9415;
			remoteInfo = ConnectedBoard;
		};
		97FED2BC214A30FB00CF9415 /* PBXContainerItemProxy */ = {
			isa = PBXContainerItemProxy;
			containerPortal = 97FED294214A30F800CF9415 /* Project object */;
			proxyType = 1;
			remoteGlobalIDString = 97FED29B214A30F800CF9415;
			remoteInfo = ConnectedBoard;
		};
/* End PBXContainerItemProxy section */

/* Begin PBXFileReference section */
		97FED29C214A30F900CF9415 /* ConnectedBoard.app */ = {isa = PBXFileReference; explicitFileType = wrapper.application; includeInIndex = 0; path = ConnectedBoard.app; sourceTree = BUILT_PRODUCTS_DIR; };
		97FED29F214A30F900CF9415 /* AppDelegate.swift */ = {isa = PBXFileReference; lastKnownFileType = sourcecode.swift; path = AppDelegate.swift; sourceTree = "<group>"; };
		97FED2A1214A30F900CF9415 /* ViewController.swift */ = {isa = PBXFileReference; lastKnownFileType = sourcecode.swift; path = ViewController.swift; sourceTree = "<group>"; };
		97FED2A4214A30F900CF9415 /* Base */ = {isa = PBXFileReference; lastKnownFileType = file.storyboard; name = Base; path = Base.lproj/Main.storyboard; sourceTree = "<group>"; };
		97FED2A6214A30FB00CF9415 /* Assets.xcassets */ = {isa = PBXFileReference; lastKnownFileType = folder.assetcatalog; path = Assets.xcassets; sourceTree = "<group>"; };
		97FED2A9214A30FB00CF9415 /* Base */ = {isa = PBXFileReference; lastKnownFileType = file.storyboard; name = Base; path = Base.lproj/LaunchScreen.storyboard; sourceTree = "<group>"; };
		97FED2AB214A30FB00CF9415 /* Info.plist */ = {isa = PBXFileReference; lastKnownFileType = text.plist.xml; path = Info.plist; sourceTree = "<group>"; };
		97FED2B0214A30FB00CF9415 /* ConnectedBoardTests.xctest */ = {isa = PBXFileReference; explicitFileType = wrapper.cfbundle; includeInIndex = 0; path = ConnectedBoardTests.xctest; sourceTree = BUILT_PRODUCTS_DIR; };
		97FED2B4214A30FB00CF9415 /* ConnectedBoardTests.swift */ = {isa = PBXFileReference; lastKnownFileType = sourcecode.swift; path = ConnectedBoardTests.swift; sourceTree = "<group>"; };
		97FED2B6214A30FB00CF9415 /* Info.plist */ = {isa = PBXFileReference; lastKnownFileType = text.plist.xml; path = Info.plist; sourceTree = "<group>"; };
		97FED2BB214A30FB00CF9415 /* ConnectedBoardUITests.xctest */ = {isa = PBXFileReference; explicitFileType = wrapper.cfbundle; includeInIndex = 0; path = ConnectedBoardUITests.xctest; sourceTree = BUILT_PRODUCTS_DIR; };
		97FED2BF214A30FB00CF9415 /* ConnectedBoardUITests.swift */ = {isa = PBXFileReference; lastKnownFileType = sourcecode.swift; path = ConnectedBoardUITests.swift; sourceTree = "<group>"; };
		97FED2C1214A30FB00CF9415 /* Info.plist */ = {isa = PBXFileReference; lastKnownFileType = text.plist.xml; path = Info.plist; sourceTree = "<group>"; };
		97FED2CD214A32A200CF9415 /* ConnectedBoard.entitlements */ = {isa = PBXFileReference; lastKnownFileType = text.plist.entitlements; path = ConnectedBoard.entitlements; sourceTree = "<group>"; };
		97FED2D0214A3CFF00CF9415 /* NoteListViewController.swift */ = {isa = PBXFileReference; lastKnownFileType = sourcecode.swift; path = NoteListViewController.swift; sourceTree = "<group>"; };
		97FED2D2214A3D9300CF9415 /* AddNoteViewController.swift */ = {isa = PBXFileReference; lastKnownFileType = sourcecode.swift; path = AddNoteViewController.swift; sourceTree = "<group>"; };
/* End PBXFileReference section */

/* Begin PBXFrameworksBuildPhase section */
		97FED299214A30F800CF9415 /* Frameworks */ = {
			isa = PBXFrameworksBuildPhase;
			buildActionMask = 2147483647;
			files = (
			);
			runOnlyForDeploymentPostprocessing = 0;
		};
		97FED2AD214A30FB00CF9415 /* Frameworks */ = {
			isa = PBXFrameworksBuildPhase;
			buildActionMask = 2147483647;
			files = (
			);
			runOnlyForDeploymentPostprocessing = 0;
		};
		97FED2B8214A30FB00CF9415 /* Frameworks */ = {
			isa = PBXFrameworksBuildPhase;
			buildActionMask = 2147483647;
			files = (
			);
			runOnlyForDeploymentPostprocessing = 0;
		};
/* End PBXFrameworksBuildPhase section */

/* Begin PBXGroup section */
		97FED293214A30F800CF9415 = {
			isa = PBXGroup;
			children = (
				97FED29E214A30F900CF9415 /* ConnectedBoard */,
				97FED2B3214A30FB00CF9415 /* ConnectedBoardTests */,
				97FED2BE214A30FB00CF9415 /* ConnectedBoardUITests */,
				97FED29D214A30F900CF9415 /* Products */,
			);
			sourceTree = "<group>";
		};
		97FED29D214A30F900CF9415 /* Products */ = {
			isa = PBXGroup;
			children = (
				97FED29C214A30F900CF9415 /* ConnectedBoard.app */,
				97FED2B0214A30FB00CF9415 /* ConnectedBoardTests.xctest */,
				97FED2BB214A30FB00CF9415 /* ConnectedBoardUITests.xctest */,
			);
			name = Products;
			sourceTree = "<group>";
		};
		97FED29E214A30F900CF9415 /* ConnectedBoard */ = {
			isa = PBXGroup;
			children = (
				97FED2CD214A32A200CF9415 /* ConnectedBoard.entitlements */,
				97FED2D0214A3CFF00CF9415 /* NoteListViewController.swift */,
				97FED29F214A30F900CF9415 /* AppDelegate.swift */,
				97FED2A1214A30F900CF9415 /* ViewController.swift */,
				97FED2A3214A30F900CF9415 /* Main.storyboard */,
				97FED2D2214A3D9300CF9415 /* AddNoteViewController.swift */,
				97FED2A6214A30FB00CF9415 /* Assets.xcassets */,
				97FED2A8214A30FB00CF9415 /* LaunchScreen.storyboard */,
				97FED2AB214A30FB00CF9415 /* Info.plist */,
			);
			path = ConnectedBoard;
			sourceTree = "<group>";
		};
		97FED2B3214A30FB00CF9415 /* ConnectedBoardTests */ = {
			isa = PBXGroup;
			children = (
				97FED2B4214A30FB00CF9415 /* ConnectedBoardTests.swift */,
				97FED2B6214A30FB00CF9415 /* Info.plist */,
			);
			path = ConnectedBoardTests;
			sourceTree = "<group>";
		};
		97FED2BE214A30FB00CF9415 /* ConnectedBoardUITests */ = {
			isa = PBXGroup;
			children = (
				97FED2BF214A30FB00CF9415 /* ConnectedBoardUITests.swift */,
				97FED2C1214A30FB00CF9415 /* Info.plist */,
			);
			path = ConnectedBoardUITests;
			sourceTree = "<group>";
		};
/* End PBXGroup section */

/* Begin PBXNativeTarget section */
		97FED29B214A30F800CF9415 /* ConnectedBoard */ = {
			isa = PBXNativeTarget;
			buildConfigurationList = 97FED2C4214A30FB00CF9415 /* Build configuration list for PBXNativeTarget "ConnectedBoard" */;
			buildPhases = (
				97FED298214A30F800CF9415 /* Sources */,
				97FED299214A30F800CF9415 /* Frameworks */,
				97FED29A214A30F800CF9415 /* Resources */,
			);
			buildRules = (
			);
			dependencies = (
			);
			name = ConnectedBoard;
			productName = ConnectedBoard;
			productReference = 97FED29C214A30F900CF9415 /* ConnectedBoard.app */;
			productType = "com.apple.product-type.application";
		};
		97FED2AF214A30FB00CF9415 /* ConnectedBoardTests */ = {
			isa = PBXNativeTarget;
			buildConfigurationList = 97FED2C7214A30FB00CF9415 /* Build configuration list for PBXNativeTarget "ConnectedBoardTests" */;
			buildPhases = (
				97FED2AC214A30FB00CF9415 /* Sources */,
				97FED2AD214A30FB00CF9415 /* Frameworks */,
				97FED2AE214A30FB00CF9415 /* Resources */,
			);
			buildRules = (
			);
			dependencies = (
				97FED2B2214A30FB00CF9415 /* PBXTargetDependency */,
			);
			name = ConnectedBoardTests;
			productName = ConnectedBoardTests;
			productReference = 97FED2B0214A30FB00CF9415 /* ConnectedBoardTests.xctest */;
			productType = "com.apple.product-type.bundle.unit-test";
		};
		97FED2BA214A30FB00CF9415 /* ConnectedBoardUITests */ = {
			isa = PBXNativeTarget;
			buildConfigurationList = 97FED2CA214A30FB00CF9415 /* Build configuration list for PBXNativeTarget "ConnectedBoardUITests" */;
			buildPhases = (
				97FED2B7214A30FB00CF9415 /* Sources */,
				97FED2B8214A30FB00CF9415 /* Frameworks */,
				97FED2B9214A30FB00CF9415 /* Resources */,
			);
			buildRules = (
			);
			dependencies = (
				97FED2BD214A30FB00CF9415 /* PBXTargetDependency */,
			);
			name = ConnectedBoardUITests;
			productName = ConnectedBoardUITests;
			productReference = 97FED2BB214A30FB00CF9415 /* ConnectedBoardUITests.xctest */;
			productType = "com.apple.product-type.bundle.ui-testing";
		};
/* End PBXNativeTarget section */

/* Begin PBXProject section */
		97FED294214A30F800CF9415 /* Project object */ = {
			isa = PBXProject;
			attributes = {
				LastSwiftUpdateCheck = 0940;
				LastUpgradeCheck = 0940;
				ORGANIZATIONNAME = "Adel Araji";
				TargetAttributes = {
					97FED29B214A30F800CF9415 = {
						CreatedOnToolsVersion = 9.4.1;
						SystemCapabilities = {
							com.apple.iCloud = {
								enabled = 1;
							};
						};
					};
					97FED2AF214A30FB00CF9415 = {
						CreatedOnToolsVersion = 9.4.1;
						TestTargetID = 97FED29B214A30F800CF9415;
					};
					97FED2BA214A30FB00CF9415 = {
						CreatedOnToolsVersion = 9.4.1;
						TestTargetID = 97FED29B214A30F800CF9415;
					};
				};
			};
			buildConfigurationList = 97FED297214A30F800CF9415 /* Build configuration list for PBXProject "ConnectedBoard" */;
			compatibilityVersion = "Xcode 9.3";
			developmentRegion = en;
			hasScannedForEncodings = 0;
			knownRegions = (
				en,
				Base,
			);
			mainGroup = 97FED293214A30F800CF9415;
			productRefGroup = 97FED29D214A30F900CF9415 /* Products */;
			projectDirPath = "";
			projectRoot = "";
			targets = (
				97FED29B214A30F800CF9415 /* ConnectedBoard */,
				97FED2AF214A30FB00CF9415 /* ConnectedBoardTests */,
				97FED2BA214A30FB00CF9415 /* ConnectedBoardUITests */,
			);
		};
/* End PBXProject section */

/* Begin PBXResourcesBuildPhase section */
		97FED29A214A30F800CF9415 /* Resources */ = {
			isa = PBXResourcesBuildPhase;
			buildActionMask = 2147483647;
			files = (
				97FED2AA214A30FB00CF9415 /* LaunchScreen.storyboard in Resources */,
				97FED2A7214A30FB00CF9415 /* Assets.xcassets in Resources */,
				97FED2A5214A30F900CF9415 /* Main.storyboard in Resources */,
			);
			runOnlyForDeploymentPostprocessing = 0;
		};
		97FED2AE214A30FB00CF9415 /* Resources */ = {
			isa = PBXResourcesBuildPhase;
			buildActionMask = 2147483647;
			files = (
			);
			runOnlyForDeploymentPostprocessing = 0;
		};
		97FED2B9214A30FB00CF9415 /* Resources */ = {
			isa = PBXResourcesBuildPhase;
			buildActionMask = 2147483647;
			files = (
			);
			runOnlyForDeploymentPostprocessing = 0;
		};
/* End PBXResourcesBuildPhase section */

/* Begin PBXSourcesBuildPhase section */
		97FED298214A30F800CF9415 /* Sources */ = {
			isa = PBXSourcesBuildPhase;
			buildActionMask = 2147483647;
			files = (
				97FED2D3214A3D9300CF9415 /* AddNoteViewController.swift in Sources */,
				97FED2A2214A30F900CF9415 /* ViewController.swift in Sources */,
				97FED2A0214A30F900CF9415 /* AppDelegate.swift in Sources */,
				97FED2D1214A3CFF00CF9415 /* NoteListViewController.swift in Sources */,
			);
			runOnlyForDeploymentPostprocessing = 0;
		};
		97FED2AC214A30FB00CF9415 /* Sources */ = {
			isa = PBXSourcesBuildPhase;
			buildActionMask = 2147483647;
			files = (
				97FED2B5214A30FB00CF9415 /* ConnectedBoardTests.swift in Sources */,
			);
			runOnlyForDeploymentPostprocessing = 0;
		};
		97FED2B7214A30FB00CF9415 /* Sources */ = {
			isa = PBXSourcesBuildPhase;
			buildActionMask = 2147483647;
			files = (
				97FED2C0214A30FB00CF9415 /* ConnectedBoardUITests.swift in Sources */,
			);
			runOnlyForDeploymentPostprocessing = 0;
		};
/* End PBXSourcesBuildPhase section */

/* Begin PBXTargetDependency section */
		97FED2B2214A30FB00CF9415 /* PBXTargetDependency */ = {
			isa = PBXTargetDependency;
			target = 97FED29B214A30F800CF9415 /* ConnectedBoard */;
			targetProxy = 97FED2B1214A30FB00CF9415 /* PBXContainerItemProxy */;
		};
		97FED2BD214A30FB00CF9415 /* PBXTargetDependency */ = {
			isa = PBXTargetDependency;
			target = 97FED29B214A30F800CF9415 /* ConnectedBoard */;
			targetProxy = 97FED2BC214A30FB00CF9415 /* PBXContainerItemProxy */;
		};
/* End PBXTargetDependency section */

/* Begin PBXVariantGroup section */
		97FED2A3214A30F900CF9415 /* Main.storyboard */ = {
			isa = PBXVariantGroup;
			children = (
				97FED2A4214A30F900CF9415 /* Base */,
			);
			name = Main.storyboard;
			sourceTree = "<group>";
		};
		97FED2A8214A30FB00CF9415 /* LaunchScreen.storyboard */ = {
			isa = PBXVariantGroup;
			children = (
				97FED2A9214A30FB00CF9415 /* Base */,
			);
			name = LaunchScreen.storyboard;
			sourceTree = "<group>";
		};
/* End PBXVariantGroup section */

/* Begin XCBuildConfiguration section */
		97FED2C2214A30FB00CF9415 /* Debug */ = {
			isa = XCBuildConfiguration;
			buildSettings = {
				ALWAYS_SEARCH_USER_PATHS = NO;
				CLANG_ANALYZER_NONNULL = YES;
				CLANG_ANALYZER_NUMBER_OBJECT_CONVERSION = YES_AGGRESSIVE;
				CLANG_CXX_LANGUAGE_STANDARD = "gnu++14";
				CLANG_CXX_LIBRARY = "libc++";
				CLANG_ENABLE_MODULES = YES;
				CLANG_ENABLE_OBJC_ARC = YES;
				CLANG_ENABLE_OBJC_WEAK = YES;
				CLANG_WARN_BLOCK_CAPTURE_AUTORELEASING = YES;
				CLANG_WARN_BOOL_CONVERSION = YES;
				CLANG_WARN_COMMA = YES;
				CLANG_WARN_CONSTANT_CONVERSION = YES;
				CLANG_WARN_DEPRECATED_OBJC_IMPLEMENTATIONS = YES;
				CLANG_WARN_DIRECT_OBJC_ISA_USAGE = YES_ERROR;
				CLANG_WARN_DOCUMENTATION_COMMENTS = YES;
				CLANG_WARN_EMPTY_BODY = YES;
				CLANG_WARN_ENUM_CONVERSION = YES;
				CLANG_WARN_INFINITE_RECURSION = YES;
				CLANG_WARN_INT_CONVERSION = YES;
				CLANG_WARN_NON_LITERAL_NULL_CONVERSION = YES;
				CLANG_WARN_OBJC_IMPLICIT_RETAIN_SELF = YES;
				CLANG_WARN_OBJC_LITERAL_CONVERSION = YES;
				CLANG_WARN_OBJC_ROOT_CLASS = YES_ERROR;
				CLANG_WARN_RANGE_LOOP_ANALYSIS = YES;
				CLANG_WARN_STRICT_PROTOTYPES = YES;
				CLANG_WARN_SUSPICIOUS_MOVE = YES;
				CLANG_WARN_UNGUARDED_AVAILABILITY = YES_AGGRESSIVE;
				CLANG_WARN_UNREACHABLE_CODE = YES;
				CLANG_WARN__DUPLICATE_METHOD_MATCH = YES;
				CODE_SIGN_IDENTITY = "iPhone Developer";
				COPY_PHASE_STRIP = NO;
				DEBUG_INFORMATION_FORMAT = dwarf;
				ENABLE_STRICT_OBJC_MSGSEND = YES;
				ENABLE_TESTABILITY = YES;
				GCC_C_LANGUAGE_STANDARD = gnu11;
				GCC_DYNAMIC_NO_PIC = NO;
				GCC_NO_COMMON_BLOCKS = YES;
				GCC_OPTIMIZATION_LEVEL = 0;
				GCC_PREPROCESSOR_DEFINITIONS = (
					"DEBUG=1",
					"$(inherited)",
				);
				GCC_WARN_64_TO_32_BIT_CONVERSION = YES;
				GCC_WARN_ABOUT_RETURN_TYPE = YES_ERROR;
				GCC_WARN_UNDECLARED_SELECTOR = YES;
				GCC_WARN_UNINITIALIZED_AUTOS = YES_AGGRESSIVE;
				GCC_WARN_UNUSED_FUNCTION = YES;
				GCC_WARN_UNUSED_VARIABLE = YES;
				IPHONEOS_DEPLOYMENT_TARGET = 11.4;
				MTL_ENABLE_DEBUG_INFO = YES;
				ONLY_ACTIVE_ARCH = YES;
				SDKROOT = iphoneos;
				SWIFT_ACTIVE_COMPILATION_CONDITIONS = DEBUG;
				SWIFT_OPTIMIZATION_LEVEL = "-Onone";
			};
			name = Debug;
		};
		97FED2C3214A30FB00CF9415 /* Release */ = {
			isa = XCBuildConfiguration;
			buildSettings = {
				ALWAYS_SEARCH_USER_PATHS = NO;
				CLANG_ANALYZER_NONNULL = YES;
				CLANG_ANALYZER_NUMBER_OBJECT_CONVERSION = YES_AGGRESSIVE;
				CLANG_CXX_LANGUAGE_STANDARD = "gnu++14";
				CLANG_CXX_LIBRARY = "libc++";
				CLANG_ENABLE_MODULES = YES;
				CLANG_ENABLE_OBJC_ARC = YES;
				CLANG_ENABLE_OBJC_WEAK = YES;
				CLANG_WARN_BLOCK_CAPTURE_AUTORELEASING = YES;
				CLANG_WARN_BOOL_CONVERSION = YES;
				CLANG_WARN_COMMA = YES;
				CLANG_WARN_CONSTANT_CONVERSION = YES;
				CLANG_WARN_DEPRECATED_OBJC_IMPLEMENTATIONS = YES;
				CLANG_WARN_DIRECT_OBJC_ISA_USAGE = YES_ERROR;
				CLANG_WARN_DOCUMENTATION_COMMENTS = YES;
				CLANG_WARN_EMPTY_BODY = YES;
				CLANG_WARN_ENUM_CONVERSION = YES;
				CLANG_WARN_INFINITE_RECURSION = YES;
				CLANG_WARN_INT_CONVERSION = YES;
				CLANG_WARN_NON_LITERAL_NULL_CONVERSION = YES;
				CLANG_WARN_OBJC_IMPLICIT_RETAIN_SELF = YES;
				CLANG_WARN_OBJC_LITERAL_CONVERSION = YES;
				CLANG_WARN_OBJC_ROOT_CLASS = YES_ERROR;
				CLANG_WARN_RANGE_LOOP_ANALYSIS = YES;
				CLANG_WARN_STRICT_PROTOTYPES = YES;
				CLANG_WARN_SUSPICIOUS_MOVE = YES;
				CLANG_WARN_UNGUARDED_AVAILABILITY = YES_AGGRESSIVE;
				CLANG_WARN_UNREACHABLE_CODE = YES;
				CLANG_WARN__DUPLICATE_METHOD_MATCH = YES;
				CODE_SIGN_IDENTITY = "iPhone Developer";
				COPY_PHASE_STRIP = NO;
				DEBUG_INFORMATION_FORMAT = "dwarf-with-dsym";
				ENABLE_NS_ASSERTIONS = NO;
				ENABLE_STRICT_OBJC_MSGSEND = YES;
				GCC_C_LANGUAGE_STANDARD = gnu11;
				GCC_NO_COMMON_BLOCKS = YES;
				GCC_WARN_64_TO_32_BIT_CONVERSION = YES;
				GCC_WARN_ABOUT_RETURN_TYPE = YES_ERROR;
				GCC_WARN_UNDECLARED_SELECTOR = YES;
				GCC_WARN_UNINITIALIZED_AUTOS = YES_AGGRESSIVE;
				GCC_WARN_UNUSED_FUNCTION = YES;
				GCC_WARN_UNUSED_VARIABLE = YES;
				IPHONEOS_DEPLOYMENT_TARGET = 11.4;
				MTL_ENABLE_DEBUG_INFO = NO;
				SDKROOT = iphoneos;
				SWIFT_COMPILATION_MODE = wholemodule;
				SWIFT_OPTIMIZATION_LEVEL = "-O";
				VALIDATE_PRODUCT = YES;
			};
			name = Release;
		};
		97FED2C5214A30FB00CF9415 /* Debug */ = {
			isa = XCBuildConfiguration;
			buildSettings = {
				ASSETCATALOG_COMPILER_APPICON_NAME = AppIcon;
				CODE_SIGN_ENTITLEMENTS = ConnectedBoard/ConnectedBoard.entitlements;
				CODE_SIGN_STYLE = Automatic;
				DEVELOPMENT_TEAM = 7PKG45HR7B;
				INFOPLIST_FILE = ConnectedBoard/Info.plist;
				LD_RUNPATH_SEARCH_PATHS = (
					"$(inherited)",
					"@executable_path/Frameworks",
				);
				PRODUCT_BUNDLE_IDENTIFIER = AdelAraji.ConnectedBoard;
				PRODUCT_NAME = "$(TARGET_NAME)";
				SWIFT_VERSION = 4.0;
				TARGETED_DEVICE_FAMILY = "1,2";
			};
			name = Debug;
		};
		97FED2C6214A30FB00CF9415 /* Release */ = {
			isa = XCBuildConfiguration;
			buildSettings = {
				ASSETCATALOG_COMPILER_APPICON_NAME = AppIcon;
				CODE_SIGN_ENTITLEMENTS = ConnectedBoard/ConnectedBoard.entitlements;
				CODE_SIGN_STYLE = Automatic;
				DEVELOPMENT_TEAM = 7PKG45HR7B;
				INFOPLIST_FILE = ConnectedBoard/Info.plist;
				LD_RUNPATH_SEARCH_PATHS = (
					"$(inherited)",
					"@executable_path/Frameworks",
				);
				PRODUCT_BUNDLE_IDENTIFIER = AdelAraji.ConnectedBoard;
				PRODUCT_NAME = "$(TARGET_NAME)";
				SWIFT_VERSION = 4.0;
				TARGETED_DEVICE_FAMILY = "1,2";
			};
			name = Release;
		};
		97FED2C8214A30FB00CF9415 /* Debug */ = {
			isa = XCBuildConfiguration;
			buildSettings = {
				ALWAYS_EMBED_SWIFT_STANDARD_LIBRARIES = YES;
				BUNDLE_LOADER = "$(TEST_HOST)";
				CODE_SIGN_STYLE = Automatic;
				DEVELOPMENT_TEAM = 7PKG45HR7B;
				INFOPLIST_FILE = ConnectedBoardTests/Info.plist;
				LD_RUNPATH_SEARCH_PATHS = (
					"$(inherited)",
					"@executable_path/Frameworks",
					"@loader_path/Frameworks",
				);
				PRODUCT_BUNDLE_IDENTIFIER = AdelAraji.ConnectedBoardTests;
				PRODUCT_NAME = "$(TARGET_NAME)";
				SWIFT_VERSION = 4.0;
				TARGETED_DEVICE_FAMILY = "1,2";
				TEST_HOST = "$(BUILT_PRODUCTS_DIR)/ConnectedBoard.app/ConnectedBoard";
			};
			name = Debug;
		};
		97FED2C9214A30FB00CF9415 /* Release */ = {
			isa = XCBuildConfiguration;
			buildSettings = {
				ALWAYS_EMBED_SWIFT_STANDARD_LIBRARIES = YES;
				BUNDLE_LOADER = "$(TEST_HOST)";
				CODE_SIGN_STYLE = Automatic;
				DEVELOPMENT_TEAM = 7PKG45HR7B;
				INFOPLIST_FILE = ConnectedBoardTests/Info.plist;
				LD_RUNPATH_SEARCH_PATHS = (
					"$(inherited)",
					"@executable_path/Frameworks",
					"@loader_path/Frameworks",
				);
				PRODUCT_BUNDLE_IDENTIFIER = AdelAraji.ConnectedBoardTests;
				PRODUCT_NAME = "$(TARGET_NAME)";
				SWIFT_VERSION = 4.0;
				TARGETED_DEVICE_FAMILY = "1,2";
				TEST_HOST = "$(BUILT_PRODUCTS_DIR)/ConnectedBoard.app/ConnectedBoard";
			};
			name = Release;
		};
		97FED2CB214A30FB00CF9415 /* Debug */ = {
			isa = XCBuildConfiguration;
			buildSettings = {
				ALWAYS_EMBED_SWIFT_STANDARD_LIBRARIES = YES;
				CODE_SIGN_STYLE = Automatic;
				DEVELOPMENT_TEAM = 7PKG45HR7B;
				INFOPLIST_FILE = ConnectedBoardUITests/Info.plist;
				LD_RUNPATH_SEARCH_PATHS = (
					"$(inherited)",
					"@executable_path/Frameworks",
					"@loader_path/Frameworks",
				);
				PRODUCT_BUNDLE_IDENTIFIER = AdelAraji.ConnectedBoardUITests;
				PRODUCT_NAME = "$(TARGET_NAME)";
				SWIFT_VERSION = 4.0;
				TARGETED_DEVICE_FAMILY = "1,2";
				TEST_TARGET_NAME = ConnectedBoard;
			};
			name = Debug;
		};
		97FED2CC214A30FB00CF9415 /* Release */ = {
			isa = XCBuildConfiguration;
			buildSettings = {
				ALWAYS_EMBED_SWIFT_STANDARD_LIBRARIES = YES;
				CODE_SIGN_STYLE = Automatic;
				DEVELOPMENT_TEAM = 7PKG45HR7B;
				INFOPLIST_FILE = ConnectedBoardUITests/Info.plist;
				LD_RUNPATH_SEARCH_PATHS = (
					"$(inherited)",
					"@executable_path/Frameworks",
					"@loader_path/Frameworks",
				);
				PRODUCT_BUNDLE_IDENTIFIER = AdelAraji.ConnectedBoardUITests;
				PRODUCT_NAME = "$(TARGET_NAME)";
				SWIFT_VERSION = 4.0;
				TARGETED_DEVICE_FAMILY = "1,2";
				TEST_TARGET_NAME = ConnectedBoard;
			};
			name = Release;
		};
/* End XCBuildConfiguration section */

/* Begin XCConfigurationList section */
		97FED297214A30F800CF9415 /* Build configuration list for PBXProject "ConnectedBoard" */ = {
			isa = XCConfigurationList;
			buildConfigurations = (
				97FED2C2214A30FB00CF9415 /* Debug */,
				97FED2C3214A30FB00CF9415 /* Release */,
			);
			defaultConfigurationIsVisible = 0;
			defaultConfigurationName = Release;
		};
		97FED2C4214A30FB00CF9415 /* Build configuration list for PBXNativeTarget "ConnectedBoard" */ = {
			isa = XCConfigurationList;
			buildConfigurations = (
				97FED2C5214A30FB00CF9415 /* Debug */,
				97FED2C6214A30FB00CF9415 /* Release */,
			);
			defaultConfigurationIsVisible = 0;
			defaultConfigurationName = Release;
		};
		97FED2C7214A30FB00CF9415 /* Build configuration list for PBXNativeTarget "ConnectedBoardTests" */ = {
			isa = XCConfigurationList;
			buildConfigurations = (
				97FED2C8214A30FB00CF9415 /* Debug */,
				97FED2C9214A30FB00CF9415 /* Release */,
			);
			defaultConfigurationIsVisible = 0;
			defaultConfigurationName = Release;
		};
		97FED2CA214A30FB00CF9415 /* Build configuration list for PBXNativeTarget "ConnectedBoardUITests" */ = {
			isa = XCConfigurationList;
			buildConfigurations = (
				97FED2CB214A30FB00CF9415 /* Debug */,
				97FED2CC214A30FB00CF9415 /* Release */,
			);
			defaultConfigurationIsVisible = 0;
			defaultConfigurationName = Release;
		};
/* End XCConfigurationList section */
	};
	rootObject = 97FED294214A30F800CF9415 /* Project object */;
}
